{
  "name": "angelWear",
  "version": "1.0.0",
  "lockfileVersion": 1,
  "requires": true,
  "dependencies": {
<<<<<<< HEAD

=======
>>>>>>> 88c560f1acc09cfdcb64fd1b934c488d58d5007d
    "@vant/weapp": {
      "version": "1.4.3",
      "resolved": "https://registry.npm.taobao.org/@vant/weapp/download/@vant/weapp-1.4.3.tgz",
      "integrity": "sha1-5k3wNn8pNuTBJNw+R3tqZtdH/+Y="
<<<<<<< HEAD
    },
    "apifm-wxapi": {
      "version": "3.13.0",
      "resolved": "https://registry.npm.taobao.org/apifm-wxapi/download/apifm-wxapi-3.13.0.tgz",
      "integrity": "sha1-eWkopRNLSeenWoLO5iEd+ZFd5t4="

=======
>>>>>>> 88c560f1acc09cfdcb64fd1b934c488d58d5007d
    }
  }
}
